// !$*UTF8*$!
{
	archiveVersion = 1;
	classes = {
	};
	objectVersion = 52;
	objects = {

/* Begin PBXBuildFile section */
		0CECD8CB23F7B711898035CE /* Pods_flixster.framework in Frameworks */ = {isa = PBXBuildFile; fileRef = D84D4A00D8B2C81AE5E1CA4E /* Pods_flixster.framework */; };
		5C1AB5367F702E0538D6D1DD /* Pods_flixster_flixsterUITests.framework in Frameworks */ = {isa = PBXBuildFile; fileRef = 865AA6B67C82177694CA78BB /* Pods_flixster_flixsterUITests.framework */; };
		9D24160D26A10BC9009BBCBF /* MovieDetailsViewController.swift in Sources */ = {isa = PBXBuildFile; fileRef = 9D24160C26A10BC9009BBCBF /* MovieDetailsViewController.swift */; };
		9D4A2F7D26914C2B0046EE55 /* AppDelegate.swift in Sources */ = {isa = PBXBuildFile; fileRef = 9D4A2F7C26914C2B0046EE55 /* AppDelegate.swift */; };
		9D4A2F7F26914C2B0046EE55 /* SceneDelegate.swift in Sources */ = {isa = PBXBuildFile; fileRef = 9D4A2F7E26914C2B0046EE55 /* SceneDelegate.swift */; };
		9D4A2F8426914C2B0046EE55 /* Main.storyboard in Resources */ = {isa = PBXBuildFile; fileRef = 9D4A2F8226914C2B0046EE55 /* Main.storyboard */; };
		9D4A2F8626914C2C0046EE55 /* Assets.xcassets in Resources */ = {isa = PBXBuildFile; fileRef = 9D4A2F8526914C2C0046EE55 /* Assets.xcassets */; };
		9D4A2F8926914C2C0046EE55 /* LaunchScreen.storyboard in Resources */ = {isa = PBXBuildFile; fileRef = 9D4A2F8726914C2C0046EE55 /* LaunchScreen.storyboard */; };
		9D4A2F9426914C2C0046EE55 /* flixsterTests.swift in Sources */ = {isa = PBXBuildFile; fileRef = 9D4A2F9326914C2C0046EE55 /* flixsterTests.swift */; };
		9D4A2F9F26914C2C0046EE55 /* flixsterUITests.swift in Sources */ = {isa = PBXBuildFile; fileRef = 9D4A2F9E26914C2C0046EE55 /* flixsterUITests.swift */; };
		9D4A2FAD269152ED0046EE55 /* MoviesViewController.swift in Sources */ = {isa = PBXBuildFile; fileRef = 9D4A2FAC269152ED0046EE55 /* MoviesViewController.swift */; };
		9DA6A3202696BD14007F554C /* MovieCell.swift in Sources */ = {isa = PBXBuildFile; fileRef = 9DA6A31F2696BD14007F554C /* MovieCell.swift */; };
		9DA6A3232696C04D007F554C /* AlamofireImage in Frameworks */ = {isa = PBXBuildFile; productRef = 9DA6A3222696C04D007F554C /* AlamofireImage */; };
		9DC5767026A2182400E2F335 /* MovieGridViewController.swift in Sources */ = {isa = PBXBuildFile; fileRef = 9DC5766F26A2182400E2F335 /* MovieGridViewController.swift */; };
		9DC5767226A21C3C00E2F335 /* MovieGridCell.swift in Sources */ = {isa = PBXBuildFile; fileRef = 9DC5767126A21C3C00E2F335 /* MovieGridCell.swift */; };
		CC01A2349FD8B6ED5946707F /* Pods_flixsterTests.framework in Frameworks */ = {isa = PBXBuildFile; fileRef = D33140A5DEEB52989D1FBA02 /* Pods_flixsterTests.framework */; };
/* End PBXBuildFile section */

/* Begin PBXContainerItemProxy section */
		9D4A2F9026914C2C0046EE55 /* PBXContainerItemProxy */ = {
			isa = PBXContainerItemProxy;
			containerPortal = 9D4A2F7126914C2B0046EE55 /* Project object */;
			proxyType = 1;
			remoteGlobalIDString = 9D4A2F7826914C2B0046EE55;
			remoteInfo = flixster;
		};
		9D4A2F9B26914C2C0046EE55 /* PBXContainerItemProxy */ = {
			isa = PBXContainerItemProxy;
			containerPortal = 9D4A2F7126914C2B0046EE55 /* Project object */;
			proxyType = 1;
			remoteGlobalIDString = 9D4A2F7826914C2B0046EE55;
			remoteInfo = flixster;
		};
/* End PBXContainerItemProxy section */

/* Begin PBXFileReference section */
		305B93BB3FA90CFAFF0BC4D0 /* Pods-flixster-flixsterUITests.debug.xcconfig */ = {isa = PBXFileReference; includeInIndex = 1; lastKnownFileType = text.xcconfig; name = "Pods-flixster-flixsterUITests.debug.xcconfig"; path = "Target Support Files/Pods-flixster-flixsterUITests/Pods-flixster-flixsterUITests.debug.xcconfig"; sourceTree = "<group>"; };
		3FCA03CA3D24959488B44B0A /* Pods-flixster.release.xcconfig */ = {isa = PBXFileReference; includeInIndex = 1; lastKnownFileType = text.xcconfig; name = "Pods-flixster.release.xcconfig"; path = "Target Support Files/Pods-flixster/Pods-flixster.release.xcconfig"; sourceTree = "<group>"; };
		431057EE4D2EC4C44538F025 /* Pods-flixster-flixsterUITests.release.xcconfig */ = {isa = PBXFileReference; includeInIndex = 1; lastKnownFileType = text.xcconfig; name = "Pods-flixster-flixsterUITests.release.xcconfig"; path = "Target Support Files/Pods-flixster-flixsterUITests/Pods-flixster-flixsterUITests.release.xcconfig"; sourceTree = "<group>"; };
		57CB12721AEEBC335BC84E0C /* Pods-flixsterTests.debug.xcconfig */ = {isa = PBXFileReference; includeInIndex = 1; lastKnownFileType = text.xcconfig; name = "Pods-flixsterTests.debug.xcconfig"; path = "Target Support Files/Pods-flixsterTests/Pods-flixsterTests.debug.xcconfig"; sourceTree = "<group>"; };
		65DB019084F3F9DDA65DA2C1 /* Pods-flixsterTests.release.xcconfig */ = {isa = PBXFileReference; includeInIndex = 1; lastKnownFileType = text.xcconfig; name = "Pods-flixsterTests.release.xcconfig"; path = "Target Support Files/Pods-flixsterTests/Pods-flixsterTests.release.xcconfig"; sourceTree = "<group>"; };
		865AA6B67C82177694CA78BB /* Pods_flixster_flixsterUITests.framework */ = {isa = PBXFileReference; explicitFileType = wrapper.framework; includeInIndex = 0; path = Pods_flixster_flixsterUITests.framework; sourceTree = BUILT_PRODUCTS_DIR; };
		9D24160C26A10BC9009BBCBF /* MovieDetailsViewController.swift */ = {isa = PBXFileReference; lastKnownFileType = sourcecode.swift; path = MovieDetailsViewController.swift; sourceTree = "<group>"; };
		9D4A2F7926914C2B0046EE55 /* flixster.app */ = {isa = PBXFileReference; explicitFileType = wrapper.application; includeInIndex = 0; path = flixster.app; sourceTree = BUILT_PRODUCTS_DIR; };
		9D4A2F7C26914C2B0046EE55 /* AppDelegate.swift */ = {isa = PBXFileReference; lastKnownFileType = sourcecode.swift; path = AppDelegate.swift; sourceTree = "<group>"; };
		9D4A2F7E26914C2B0046EE55 /* SceneDelegate.swift */ = {isa = PBXFileReference; lastKnownFileType = sourcecode.swift; path = SceneDelegate.swift; sourceTree = "<group>"; };
		9D4A2F8326914C2B0046EE55 /* Base */ = {isa = PBXFileReference; lastKnownFileType = file.storyboard; name = Base; path = Base.lproj/Main.storyboard; sourceTree = "<group>"; };
		9D4A2F8526914C2C0046EE55 /* Assets.xcassets */ = {isa = PBXFileReference; lastKnownFileType = folder.assetcatalog; path = Assets.xcassets; sourceTree = "<group>"; };
		9D4A2F8826914C2C0046EE55 /* Base */ = {isa = PBXFileReference; lastKnownFileType = file.storyboard; name = Base; path = Base.lproj/LaunchScreen.storyboard; sourceTree = "<group>"; };
		9D4A2F8A26914C2C0046EE55 /* Info.plist */ = {isa = PBXFileReference; lastKnownFileType = text.plist.xml; path = Info.plist; sourceTree = "<group>"; };
		9D4A2F8F26914C2C0046EE55 /* flixsterTests.xctest */ = {isa = PBXFileReference; explicitFileType = wrapper.cfbundle; includeInIndex = 0; path = flixsterTests.xctest; sourceTree = BUILT_PRODUCTS_DIR; };
		9D4A2F9326914C2C0046EE55 /* flixsterTests.swift */ = {isa = PBXFileReference; lastKnownFileType = sourcecode.swift; path = flixsterTests.swift; sourceTree = "<group>"; };
		9D4A2F9526914C2C0046EE55 /* Info.plist */ = {isa = PBXFileReference; lastKnownFileType = text.plist.xml; path = Info.plist; sourceTree = "<group>"; };
		9D4A2F9A26914C2C0046EE55 /* flixsterUITests.xctest */ = {isa = PBXFileReference; explicitFileType = wrapper.cfbundle; includeInIndex = 0; path = flixsterUITests.xctest; sourceTree = BUILT_PRODUCTS_DIR; };
		9D4A2F9E26914C2C0046EE55 /* flixsterUITests.swift */ = {isa = PBXFileReference; lastKnownFileType = sourcecode.swift; path = flixsterUITests.swift; sourceTree = "<group>"; };
		9D4A2FA026914C2C0046EE55 /* Info.plist */ = {isa = PBXFileReference; lastKnownFileType = text.plist.xml; path = Info.plist; sourceTree = "<group>"; };
		9D4A2FAC269152ED0046EE55 /* MoviesViewController.swift */ = {isa = PBXFileReference; lastKnownFileType = sourcecode.swift; path = MoviesViewController.swift; sourceTree = "<group>"; };
		9DA6A31F2696BD14007F554C /* MovieCell.swift */ = {isa = PBXFileReference; lastKnownFileType = sourcecode.swift; path = MovieCell.swift; sourceTree = "<group>"; };
		9DC5766F26A2182400E2F335 /* MovieGridViewController.swift */ = {isa = PBXFileReference; lastKnownFileType = sourcecode.swift; path = MovieGridViewController.swift; sourceTree = "<group>"; };
		9DC5767126A21C3C00E2F335 /* MovieGridCell.swift */ = {isa = PBXFileReference; lastKnownFileType = sourcecode.swift; path = MovieGridCell.swift; sourceTree = "<group>"; };
		C6B73FA0B715833AE19953E6 /* Pods-flixster.debug.xcconfig */ = {isa = PBXFileReference; includeInIndex = 1; lastKnownFileType = text.xcconfig; name = "Pods-flixster.debug.xcconfig"; path = "Target Support Files/Pods-flixster/Pods-flixster.debug.xcconfig"; sourceTree = "<group>"; };
		D33140A5DEEB52989D1FBA02 /* Pods_flixsterTests.framework */ = {isa = PBXFileReference; explicitFileType = wrapper.framework; includeInIndex = 0; path = Pods_flixsterTests.framework; sourceTree = BUILT_PRODUCTS_DIR; };
		D84D4A00D8B2C81AE5E1CA4E /* Pods_flixster.framework */ = {isa = PBXFileReference; explicitFileType = wrapper.framework; includeInIndex = 0; path = Pods_flixster.framework; sourceTree = BUILT_PRODUCTS_DIR; };
/* End PBXFileReference section */

/* Begin PBXFrameworksBuildPhase section */
		9D4A2F7626914C2B0046EE55 /* Frameworks */ = {
			isa = PBXFrameworksBuildPhase;
			buildActionMask = 2147483647;
			files = (
				9DA6A3232696C04D007F554C /* AlamofireImage in Frameworks */,
				0CECD8CB23F7B711898035CE /* Pods_flixster.framework in Frameworks */,
			);
			runOnlyForDeploymentPostprocessing = 0;
		};
		9D4A2F8C26914C2C0046EE55 /* Frameworks */ = {
			isa = PBXFrameworksBuildPhase;
			buildActionMask = 2147483647;
			files = (
				CC01A2349FD8B6ED5946707F /* Pods_flixsterTests.framework in Frameworks */,
			);
			runOnlyForDeploymentPostprocessing = 0;
		};
		9D4A2F9726914C2C0046EE55 /* Frameworks */ = {
			isa = PBXFrameworksBuildPhase;
			buildActionMask = 2147483647;
			files = (
				5C1AB5367F702E0538D6D1DD /* Pods_flixster_flixsterUITests.framework in Frameworks */,
			);
			runOnlyForDeploymentPostprocessing = 0;
		};
/* End PBXFrameworksBuildPhase section */

/* Begin PBXGroup section */
		1333A8AB765CA8A9BA155B3C /* Pods */ = {
			isa = PBXGroup;
			children = (
				C6B73FA0B715833AE19953E6 /* Pods-flixster.debug.xcconfig */,
				3FCA03CA3D24959488B44B0A /* Pods-flixster.release.xcconfig */,
				305B93BB3FA90CFAFF0BC4D0 /* Pods-flixster-flixsterUITests.debug.xcconfig */,
				431057EE4D2EC4C44538F025 /* Pods-flixster-flixsterUITests.release.xcconfig */,
				57CB12721AEEBC335BC84E0C /* Pods-flixsterTests.debug.xcconfig */,
				65DB019084F3F9DDA65DA2C1 /* Pods-flixsterTests.release.xcconfig */,
			);
			path = Pods;
			sourceTree = "<group>";
		};
		50156A9DC22B16B734D877F8 /* Frameworks */ = {
			isa = PBXGroup;
			children = (
				D84D4A00D8B2C81AE5E1CA4E /* Pods_flixster.framework */,
				865AA6B67C82177694CA78BB /* Pods_flixster_flixsterUITests.framework */,
				D33140A5DEEB52989D1FBA02 /* Pods_flixsterTests.framework */,
			);
			name = Frameworks;
			sourceTree = "<group>";
		};
		9D4A2F7026914C2B0046EE55 = {
			isa = PBXGroup;
			children = (
				9D4A2F7B26914C2B0046EE55 /* flixster */,
				9D4A2F9226914C2C0046EE55 /* flixsterTests */,
				9D4A2F9D26914C2C0046EE55 /* flixsterUITests */,
				9D4A2F7A26914C2B0046EE55 /* Products */,
				1333A8AB765CA8A9BA155B3C /* Pods */,
				50156A9DC22B16B734D877F8 /* Frameworks */,
			);
			sourceTree = "<group>";
		};
		9D4A2F7A26914C2B0046EE55 /* Products */ = {
			isa = PBXGroup;
			children = (
				9D4A2F7926914C2B0046EE55 /* flixster.app */,
				9D4A2F8F26914C2C0046EE55 /* flixsterTests.xctest */,
				9D4A2F9A26914C2C0046EE55 /* flixsterUITests.xctest */,
			);
			name = Products;
			sourceTree = "<group>";
		};
		9D4A2F7B26914C2B0046EE55 /* flixster */ = {
			isa = PBXGroup;
			children = (
				9D4A2F7C26914C2B0046EE55 /* AppDelegate.swift */,
				9D4A2F7E26914C2B0046EE55 /* SceneDelegate.swift */,
				9D4A2F8226914C2B0046EE55 /* Main.storyboard */,
				9DA6A31F2696BD14007F554C /* MovieCell.swift */,
				9D4A2F8526914C2C0046EE55 /* Assets.xcassets */,
				9D4A2F8726914C2C0046EE55 /* LaunchScreen.storyboard */,
				9D4A2F8A26914C2C0046EE55 /* Info.plist */,
				9D4A2FAC269152ED0046EE55 /* MoviesViewController.swift */,
				9D24160C26A10BC9009BBCBF /* MovieDetailsViewController.swift */,
				9DC5766F26A2182400E2F335 /* MovieGridViewController.swift */,
				9DC5767126A21C3C00E2F335 /* MovieGridCell.swift */,
			);
			path = flixster;
			sourceTree = "<group>";
		};
		9D4A2F9226914C2C0046EE55 /* flixsterTests */ = {
			isa = PBXGroup;
			children = (
				9D4A2F9326914C2C0046EE55 /* flixsterTests.swift */,
				9D4A2F9526914C2C0046EE55 /* Info.plist */,
			);
			path = flixsterTests;
			sourceTree = "<group>";
		};
		9D4A2F9D26914C2C0046EE55 /* flixsterUITests */ = {
			isa = PBXGroup;
			children = (
				9D4A2F9E26914C2C0046EE55 /* flixsterUITests.swift */,
				9D4A2FA026914C2C0046EE55 /* Info.plist */,
			);
			path = flixsterUITests;
			sourceTree = "<group>";
		};
/* End PBXGroup section */

/* Begin PBXNativeTarget section */
		9D4A2F7826914C2B0046EE55 /* flixster */ = {
			isa = PBXNativeTarget;
			buildConfigurationList = 9D4A2FA326914C2C0046EE55 /* Build configuration list for PBXNativeTarget "flixster" */;
			buildPhases = (
				DFC06C9DD40B51F0155FC333 /* [CP] Check Pods Manifest.lock */,
				9D4A2F7526914C2B0046EE55 /* Sources */,
				9D4A2F7626914C2B0046EE55 /* Frameworks */,
				9D4A2F7726914C2B0046EE55 /* Resources */,
				072018B9A7319D030941BD61 /* [CP] Embed Pods Frameworks */,
			);
			buildRules = (
			);
			dependencies = (
			);
			name = flixster;
			packageProductDependencies = (
				9DA6A3222696C04D007F554C /* AlamofireImage */,
			);
			productName = flixster;
			productReference = 9D4A2F7926914C2B0046EE55 /* flixster.app */;
			productType = "com.apple.product-type.application";
		};
		9D4A2F8E26914C2C0046EE55 /* flixsterTests */ = {
			isa = PBXNativeTarget;
			buildConfigurationList = 9D4A2FA626914C2C0046EE55 /* Build configuration list for PBXNativeTarget "flixsterTests" */;
			buildPhases = (
				F082DBB0DB8279E58BA921A3 /* [CP] Check Pods Manifest.lock */,
				9D4A2F8B26914C2C0046EE55 /* Sources */,
				9D4A2F8C26914C2C0046EE55 /* Frameworks */,
				9D4A2F8D26914C2C0046EE55 /* Resources */,
			);
			buildRules = (
			);
			dependencies = (
				9D4A2F9126914C2C0046EE55 /* PBXTargetDependency */,
			);
			name = flixsterTests;
			productName = flixsterTests;
			productReference = 9D4A2F8F26914C2C0046EE55 /* flixsterTests.xctest */;
			productType = "com.apple.product-type.bundle.unit-test";
		};
		9D4A2F9926914C2C0046EE55 /* flixsterUITests */ = {
			isa = PBXNativeTarget;
			buildConfigurationList = 9D4A2FA926914C2C0046EE55 /* Build configuration list for PBXNativeTarget "flixsterUITests" */;
			buildPhases = (
				668B59C8845FC8872DB6D04F /* [CP] Check Pods Manifest.lock */,
				9D4A2F9626914C2C0046EE55 /* Sources */,
				9D4A2F9726914C2C0046EE55 /* Frameworks */,
				9D4A2F9826914C2C0046EE55 /* Resources */,
				A3CEAC7BA317EF077E3EFB39 /* [CP] Embed Pods Frameworks */,
			);
			buildRules = (
			);
			dependencies = (
				9D4A2F9C26914C2C0046EE55 /* PBXTargetDependency */,
			);
			name = flixsterUITests;
			productName = flixsterUITests;
			productReference = 9D4A2F9A26914C2C0046EE55 /* flixsterUITests.xctest */;
			productType = "com.apple.product-type.bundle.ui-testing";
		};
/* End PBXNativeTarget section */

/* Begin PBXProject section */
		9D4A2F7126914C2B0046EE55 /* Project object */ = {
			isa = PBXProject;
			attributes = {
				LastSwiftUpdateCheck = 1250;
				LastUpgradeCheck = 1250;
				TargetAttributes = {
					9D4A2F7826914C2B0046EE55 = {
						CreatedOnToolsVersion = 12.5.1;
					};
					9D4A2F8E26914C2C0046EE55 = {
						CreatedOnToolsVersion = 12.5.1;
						TestTargetID = 9D4A2F7826914C2B0046EE55;
					};
					9D4A2F9926914C2C0046EE55 = {
						CreatedOnToolsVersion = 12.5.1;
						TestTargetID = 9D4A2F7826914C2B0046EE55;
					};
				};
			};
			buildConfigurationList = 9D4A2F7426914C2B0046EE55 /* Build configuration list for PBXProject "flixster" */;
			compatibilityVersion = "Xcode 9.3";
			developmentRegion = en;
			hasScannedForEncodings = 0;
			knownRegions = (
				en,
				Base,
			);
			mainGroup = 9D4A2F7026914C2B0046EE55;
			packageReferences = (
				9DA6A3212696C04D007F554C /* XCRemoteSwiftPackageReference "AlamofireImage" */,
			);
			productRefGroup = 9D4A2F7A26914C2B0046EE55 /* Products */;
			projectDirPath = "";
			projectRoot = "";
			targets = (
				9D4A2F7826914C2B0046EE55 /* flixster */,
				9D4A2F8E26914C2C0046EE55 /* flixsterTests */,
				9D4A2F9926914C2C0046EE55 /* flixsterUITests */,
			);
		};
/* End PBXProject section */

/* Begin PBXResourcesBuildPhase section */
		9D4A2F7726914C2B0046EE55 /* Resources */ = {
			isa = PBXResourcesBuildPhase;
			buildActionMask = 2147483647;
			files = (
				9D4A2F8926914C2C0046EE55 /* LaunchScreen.storyboard in Resources */,
				9D4A2F8626914C2C0046EE55 /* Assets.xcassets in Resources */,
				9D4A2F8426914C2B0046EE55 /* Main.storyboard in Resources */,
			);
			runOnlyForDeploymentPostprocessing = 0;
		};
		9D4A2F8D26914C2C0046EE55 /* Resources */ = {
			isa = PBXResourcesBuildPhase;
			buildActionMask = 2147483647;
			files = (
			);
			runOnlyForDeploymentPostprocessing = 0;
		};
		9D4A2F9826914C2C0046EE55 /* Resources */ = {
			isa = PBXResourcesBuildPhase;
			buildActionMask = 2147483647;
			files = (
			);
			runOnlyForDeploymentPostprocessing = 0;
		};
/* End PBXResourcesBuildPhase section */

/* Begin PBXShellScriptBuildPhase section */
		072018B9A7319D030941BD61 /* [CP] Embed Pods Frameworks */ = {
			isa = PBXShellScriptBuildPhase;
			buildActionMask = 2147483647;
			files = (
			);
			inputFileListPaths = (
				"${PODS_ROOT}/Target Support Files/Pods-flixster/Pods-flixster-frameworks-${CONFIGURATION}-input-files.xcfilelist",
			);
			name = "[CP] Embed Pods Frameworks";
			outputFileListPaths = (
				"${PODS_ROOT}/Target Support Files/Pods-flixster/Pods-flixster-frameworks-${CONFIGURATION}-output-files.xcfilelist",
			);
			runOnlyForDeploymentPostprocessing = 0;
			shellPath = /bin/sh;
			shellScript = "\"${PODS_ROOT}/Target Support Files/Pods-flixster/Pods-flixster-frameworks.sh\"\n";
			showEnvVarsInLog = 0;
		};
		668B59C8845FC8872DB6D04F /* [CP] Check Pods Manifest.lock */ = {
			isa = PBXShellScriptBuildPhase;
			buildActionMask = 2147483647;
			files = (
			);
			inputFileListPaths = (
			);
			inputPaths = (
				"${PODS_PODFILE_DIR_PATH}/Podfile.lock",
				"${PODS_ROOT}/Manifest.lock",
			);
			name = "[CP] Check Pods Manifest.lock";
			outputFileListPaths = (
			);
			outputPaths = (
				"$(DERIVED_FILE_DIR)/Pods-flixster-flixsterUITests-checkManifestLockResult.txt",
			);
			runOnlyForDeploymentPostprocessing = 0;
			shellPath = /bin/sh;
			shellScript = "diff \"${PODS_PODFILE_DIR_PATH}/Podfile.lock\" \"${PODS_ROOT}/Manifest.lock\" > /dev/null\nif [ $? != 0 ] ; then\n    # print error to STDERR\n    echo \"error: The sandbox is not in sync with the Podfile.lock. Run 'pod install' or update your CocoaPods installation.\" >&2\n    exit 1\nfi\n# This output is used by Xcode 'outputs' to avoid re-running this script phase.\necho \"SUCCESS\" > \"${SCRIPT_OUTPUT_FILE_0}\"\n";
			showEnvVarsInLog = 0;
		};
		A3CEAC7BA317EF077E3EFB39 /* [CP] Embed Pods Frameworks */ = {
			isa = PBXShellScriptBuildPhase;
			buildActionMask = 2147483647;
			files = (
			);
			inputFileListPaths = (
				"${PODS_ROOT}/Target Support Files/Pods-flixster-flixsterUITests/Pods-flixster-flixsterUITests-frameworks-${CONFIGURATION}-input-files.xcfilelist",
			);
			name = "[CP] Embed Pods Frameworks";
			outputFileListPaths = (
				"${PODS_ROOT}/Target Support Files/Pods-flixster-flixsterUITests/Pods-flixster-flixsterUITests-frameworks-${CONFIGURATION}-output-files.xcfilelist",
			);
			runOnlyForDeploymentPostprocessing = 0;
			shellPath = /bin/sh;
			shellScript = "\"${PODS_ROOT}/Target Support Files/Pods-flixster-flixsterUITests/Pods-flixster-flixsterUITests-frameworks.sh\"\n";
			showEnvVarsInLog = 0;
		};
		DFC06C9DD40B51F0155FC333 /* [CP] Check Pods Manifest.lock */ = {
			isa = PBXShellScriptBuildPhase;
			buildActionMask = 2147483647;
			files = (
			);
			inputFileListPaths = (
			);
			inputPaths = (
				"${PODS_PODFILE_DIR_PATH}/Podfile.lock",
				"${PODS_ROOT}/Manifest.lock",
			);
			name = "[CP] Check Pods Manifest.lock";
			outputFileListPaths = (
			);
			outputPaths = (
				"$(DERIVED_FILE_DIR)/Pods-flixster-checkManifestLockResult.txt",
			);
			runOnlyForDeploymentPostprocessing = 0;
			shellPath = /bin/sh;
			shellScript = "diff \"${PODS_PODFILE_DIR_PATH}/Podfile.lock\" \"${PODS_ROOT}/Manifest.lock\" > /dev/null\nif [ $? != 0 ] ; then\n    # print error to STDERR\n    echo \"error: The sandbox is not in sync with the Podfile.lock. Run 'pod install' or update your CocoaPods installation.\" >&2\n    exit 1\nfi\n# This output is used by Xcode 'outputs' to avoid re-running this script phase.\necho \"SUCCESS\" > \"${SCRIPT_OUTPUT_FILE_0}\"\n";
			showEnvVarsInLog = 0;
		};
		F082DBB0DB8279E58BA921A3 /* [CP] Check Pods Manifest.lock */ = {
			isa = PBXShellScriptBuildPhase;
			buildActionMask = 2147483647;
			files = (
			);
			inputFileListPaths = (
			);
			inputPaths = (
				"${PODS_PODFILE_DIR_PATH}/Podfile.lock",
				"${PODS_ROOT}/Manifest.lock",
			);
			name = "[CP] Check Pods Manifest.lock";
			outputFileListPaths = (
			);
			outputPaths = (
				"$(DERIVED_FILE_DIR)/Pods-flixsterTests-checkManifestLockResult.txt",
			);
			runOnlyForDeploymentPostprocessing = 0;
			shellPath = /bin/sh;
			shellScript = "diff \"${PODS_PODFILE_DIR_PATH}/Podfile.lock\" \"${PODS_ROOT}/Manifest.lock\" > /dev/null\nif [ $? != 0 ] ; then\n    # print error to STDERR\n    echo \"error: The sandbox is not in sync with the Podfile.lock. Run 'pod install' or update your CocoaPods installation.\" >&2\n    exit 1\nfi\n# This output is used by Xcode 'outputs' to avoid re-running this script phase.\necho \"SUCCESS\" > \"${SCRIPT_OUTPUT_FILE_0}\"\n";
			showEnvVarsInLog = 0;
		};
/* End PBXShellScriptBuildPhase section */

/* Begin PBXSourcesBuildPhase section */
		9D4A2F7526914C2B0046EE55 /* Sources */ = {
			isa = PBXSourcesBuildPhase;
			buildActionMask = 2147483647;
			files = (
				9D24160D26A10BC9009BBCBF /* MovieDetailsViewController.swift in Sources */,
				9D4A2F7D26914C2B0046EE55 /* AppDelegate.swift in Sources */,
				9D4A2F7F26914C2B0046EE55 /* SceneDelegate.swift in Sources */,
				9DA6A3202696BD14007F554C /* MovieCell.swift in Sources */,
				9D4A2FAD269152ED0046EE55 /* MoviesViewController.swift in Sources */,
				9DC5767026A2182400E2F335 /* MovieGridViewController.swift in Sources */,
				9DC5767226A21C3C00E2F335 /* MovieGridCell.swift in Sources */,
			);
			runOnlyForDeploymentPostprocessing = 0;
		};
		9D4A2F8B26914C2C0046EE55 /* Sources */ = {
			isa = PBXSourcesBuildPhase;
			buildActionMask = 2147483647;
			files = (
				9D4A2F9426914C2C0046EE55 /* flixsterTests.swift in Sources */,
			);
			runOnlyForDeploymentPostprocessing = 0;
		};
		9D4A2F9626914C2C0046EE55 /* Sources */ = {
			isa = PBXSourcesBuildPhase;
			buildActionMask = 2147483647;
			files = (
				9D4A2F9F26914C2C0046EE55 /* flixsterUITests.swift in Sources */,
			);
			runOnlyForDeploymentPostprocessing = 0;
		};
/* End PBXSourcesBuildPhase section */

/* Begin PBXTargetDependency section */
		9D4A2F9126914C2C0046EE55 /* PBXTargetDependency */ = {
			isa = PBXTargetDependency;
			target = 9D4A2F7826914C2B0046EE55 /* flixster */;
			targetProxy = 9D4A2F9026914C2C0046EE55 /* PBXContainerItemProxy */;
		};
		9D4A2F9C26914C2C0046EE55 /* PBXTargetDependency */ = {
			isa = PBXTargetDependency;
			target = 9D4A2F7826914C2B0046EE55 /* flixster */;
			targetProxy = 9D4A2F9B26914C2C0046EE55 /* PBXContainerItemProxy */;
		};
/* End PBXTargetDependency section */

/* Begin PBXVariantGroup section */
		9D4A2F8226914C2B0046EE55 /* Main.storyboard */ = {
			isa = PBXVariantGroup;
			children = (
				9D4A2F8326914C2B0046EE55 /* Base */,
			);
			name = Main.storyboard;
			sourceTree = "<group>";
		};
		9D4A2F8726914C2C0046EE55 /* LaunchScreen.storyboard */ = {
			isa = PBXVariantGroup;
			children = (
				9D4A2F8826914C2C0046EE55 /* Base */,
			);
			name = LaunchScreen.storyboard;
			sourceTree = "<group>";
		};
/* End PBXVariantGroup section */

/* Begin XCBuildConfiguration section */
		9D4A2FA126914C2C0046EE55 /* Debug */ = {
			isa = XCBuildConfiguration;
			buildSettings = {
				ALWAYS_SEARCH_USER_PATHS = NO;
				CLANG_ANALYZER_NONNULL = YES;
				CLANG_ANALYZER_NUMBER_OBJECT_CONVERSION = YES_AGGRESSIVE;
				CLANG_CXX_LANGUAGE_STANDARD = "gnu++14";
				CLANG_CXX_LIBRARY = "libc++";
				CLANG_ENABLE_MODULES = YES;
				CLANG_ENABLE_OBJC_ARC = YES;
				CLANG_ENABLE_OBJC_WEAK = YES;
				CLANG_WARN_BLOCK_CAPTURE_AUTORELEASING = YES;
				CLANG_WARN_BOOL_CONVERSION = YES;
				CLANG_WARN_COMMA = YES;
				CLANG_WARN_CONSTANT_CONVERSION = YES;
				CLANG_WARN_DEPRECATED_OBJC_IMPLEMENTATIONS = YES;
				CLANG_WARN_DIRECT_OBJC_ISA_USAGE = YES_ERROR;
				CLANG_WARN_DOCUMENTATION_COMMENTS = YES;
				CLANG_WARN_EMPTY_BODY = YES;
				CLANG_WARN_ENUM_CONVERSION = YES;
				CLANG_WARN_INFINITE_RECURSION = YES;
				CLANG_WARN_INT_CONVERSION = YES;
				CLANG_WARN_NON_LITERAL_NULL_CONVERSION = YES;
				CLANG_WARN_OBJC_IMPLICIT_RETAIN_SELF = YES;
				CLANG_WARN_OBJC_LITERAL_CONVERSION = YES;
				CLANG_WARN_OBJC_ROOT_CLASS = YES_ERROR;
				CLANG_WARN_QUOTED_INCLUDE_IN_FRAMEWORK_HEADER = YES;
				CLANG_WARN_RANGE_LOOP_ANALYSIS = YES;
				CLANG_WARN_STRICT_PROTOTYPES = YES;
				CLANG_WARN_SUSPICIOUS_MOVE = YES;
				CLANG_WARN_UNGUARDED_AVAILABILITY = YES_AGGRESSIVE;
				CLANG_WARN_UNREACHABLE_CODE = YES;
				CLANG_WARN__DUPLICATE_METHOD_MATCH = YES;
				COPY_PHASE_STRIP = NO;
				DEBUG_INFORMATION_FORMAT = dwarf;
				ENABLE_STRICT_OBJC_MSGSEND = YES;
				ENABLE_TESTABILITY = YES;
				GCC_C_LANGUAGE_STANDARD = gnu11;
				GCC_DYNAMIC_NO_PIC = NO;
				GCC_NO_COMMON_BLOCKS = YES;
				GCC_OPTIMIZATION_LEVEL = 0;
				GCC_PREPROCESSOR_DEFINITIONS = (
					"DEBUG=1",
					"$(inherited)",
				);
				GCC_WARN_64_TO_32_BIT_CONVERSION = YES;
				GCC_WARN_ABOUT_RETURN_TYPE = YES_ERROR;
				GCC_WARN_UNDECLARED_SELECTOR = YES;
				GCC_WARN_UNINITIALIZED_AUTOS = YES_AGGRESSIVE;
				GCC_WARN_UNUSED_FUNCTION = YES;
				GCC_WARN_UNUSED_VARIABLE = YES;
				IPHONEOS_DEPLOYMENT_TARGET = 14.5;
				MTL_ENABLE_DEBUG_INFO = INCLUDE_SOURCE;
				MTL_FAST_MATH = YES;
				ONLY_ACTIVE_ARCH = YES;
				SDKROOT = iphoneos;
				SWIFT_ACTIVE_COMPILATION_CONDITIONS = DEBUG;
				SWIFT_OPTIMIZATION_LEVEL = "-Onone";
			};
			name = Debug;
		};
		9D4A2FA226914C2C0046EE55 /* Release */ = {
			isa = XCBuildConfiguration;
			buildSettings = {
				ALWAYS_SEARCH_USER_PATHS = NO;
				CLANG_ANALYZER_NONNULL = YES;
				CLANG_ANALYZER_NUMBER_OBJECT_CONVERSION = YES_AGGRESSIVE;
				CLANG_CXX_LANGUAGE_STANDARD = "gnu++14";
				CLANG_CXX_LIBRARY = "libc++";
				CLANG_ENABLE_MODULES = YES;
				CLANG_ENABLE_OBJC_ARC = YES;
				CLANG_ENABLE_OBJC_WEAK = YES;
				CLANG_WARN_BLOCK_CAPTURE_AUTORELEASING = YES;
				CLANG_WARN_BOOL_CONVERSION = YES;
				CLANG_WARN_COMMA = YES;
				CLANG_WARN_CONSTANT_CONVERSION = YES;
				CLANG_WARN_DEPRECATED_OBJC_IMPLEMENTATIONS = YES;
				CLANG_WARN_DIRECT_OBJC_ISA_USAGE = YES_ERROR;
				CLANG_WARN_DOCUMENTATION_COMMENTS = YES;
				CLANG_WARN_EMPTY_BODY = YES;
				CLANG_WARN_ENUM_CONVERSION = YES;
				CLANG_WARN_INFINITE_RECURSION = YES;
				CLANG_WARN_INT_CONVERSION = YES;
				CLANG_WARN_NON_LITERAL_NULL_CONVERSION = YES;
				CLANG_WARN_OBJC_IMPLICIT_RETAIN_SELF = YES;
				CLANG_WARN_OBJC_LITERAL_CONVERSION = YES;
				CLANG_WARN_OBJC_ROOT_CLASS = YES_ERROR;
				CLANG_WARN_QUOTED_INCLUDE_IN_FRAMEWORK_HEADER = YES;
				CLANG_WARN_RANGE_LOOP_ANALYSIS = YES;
				CLANG_WARN_STRICT_PROTOTYPES = YES;
				CLANG_WARN_SUSPICIOUS_MOVE = YES;
				CLANG_WARN_UNGUARDED_AVAILABILITY = YES_AGGRESSIVE;
				CLANG_WARN_UNREACHABLE_CODE = YES;
				CLANG_WARN__DUPLICATE_METHOD_MATCH = YES;
				COPY_PHASE_STRIP = NO;
				DEBUG_INFORMATION_FORMAT = "dwarf-with-dsym";
				ENABLE_NS_ASSERTIONS = NO;
				ENABLE_STRICT_OBJC_MSGSEND = YES;
				GCC_C_LANGUAGE_STANDARD = gnu11;
				GCC_NO_COMMON_BLOCKS = YES;
				GCC_WARN_64_TO_32_BIT_CONVERSION = YES;
				GCC_WARN_ABOUT_RETURN_TYPE = YES_ERROR;
				GCC_WARN_UNDECLARED_SELECTOR = YES;
				GCC_WARN_UNINITIALIZED_AUTOS = YES_AGGRESSIVE;
				GCC_WARN_UNUSED_FUNCTION = YES;
				GCC_WARN_UNUSED_VARIABLE = YES;
				IPHONEOS_DEPLOYMENT_TARGET = 14.5;
				MTL_ENABLE_DEBUG_INFO = NO;
				MTL_FAST_MATH = YES;
				SDKROOT = iphoneos;
				SWIFT_COMPILATION_MODE = wholemodule;
				SWIFT_OPTIMIZATION_LEVEL = "-O";
				VALIDATE_PRODUCT = YES;
			};
			name = Release;
		};
		9D4A2FA426914C2C0046EE55 /* Debug */ = {
			isa = XCBuildConfiguration;
			baseConfigurationReference = C6B73FA0B715833AE19953E6 /* Pods-flixster.debug.xcconfig */;
			buildSettings = {
				ASSETCATALOG_COMPILER_APPICON_NAME = AppIcon;
				ASSETCATALOG_COMPILER_GLOBAL_ACCENT_COLOR_NAME = AccentColor;
				CODE_SIGN_STYLE = Automatic;
				INFOPLIST_FILE = flixster/Info.plist;
				LD_RUNPATH_SEARCH_PATHS = (
					"$(inherited)",
					"@executable_path/Frameworks",
				);
				PRODUCT_BUNDLE_IDENTIFIER = com.codepath.flixster;
				PRODUCT_NAME = "$(TARGET_NAME)";
				SWIFT_VERSION = 5.0;
				TARGETED_DEVICE_FAMILY = "1,2";
			};
			name = Debug;
		};
		9D4A2FA526914C2C0046EE55 /* Release */ = {
			isa = XCBuildConfiguration;
			baseConfigurationReference = 3FCA03CA3D24959488B44B0A /* Pods-flixster.release.xcconfig */;
			buildSettings = {
				ASSETCATALOG_COMPILER_APPICON_NAME = AppIcon;
				ASSETCATALOG_COMPILER_GLOBAL_ACCENT_COLOR_NAME = AccentColor;
				CODE_SIGN_STYLE = Automatic;
				INFOPLIST_FILE = flixster/Info.plist;
				LD_RUNPATH_SEARCH_PATHS = (
					"$(inherited)",
					"@executable_path/Frameworks",
				);
				PRODUCT_BUNDLE_IDENTIFIER = com.codepath.flixster;
				PRODUCT_NAME = "$(TARGET_NAME)";
				SWIFT_VERSION = 5.0;
				TARGETED_DEVICE_FAMILY = "1,2";
			};
			name = Release;
		};
		9D4A2FA726914C2C0046EE55 /* Debug */ = {
			isa = XCBuildConfiguration;
			baseConfigurationReference = 57CB12721AEEBC335BC84E0C /* Pods-flixsterTests.debug.xcconfig */;
			buildSettings = {
				ALWAYS_EMBED_SWIFT_STANDARD_LIBRARIES = YES;
				BUNDLE_LOADER = "$(TEST_HOST)";
				CODE_SIGN_STYLE = Automatic;
				INFOPLIST_FILE = flixsterTests/Info.plist;
				IPHONEOS_DEPLOYMENT_TARGET = 14.5;
				LD_RUNPATH_SEARCH_PATHS = (
					"$(inherited)",
					"@executable_path/Frameworks",
					"@loader_path/Frameworks",
				);
				PRODUCT_BUNDLE_IDENTIFIER = com.codepath.flixsterTests;
				PRODUCT_NAME = "$(TARGET_NAME)";
				SWIFT_VERSION = 5.0;
				TARGETED_DEVICE_FAMILY = "1,2";
				TEST_HOST = "$(BUILT_PRODUCTS_DIR)/flixster.app/flixster";
			};
			name = Debug;
		};
		9D4A2FA826914C2C0046EE55 /* Release */ = {
			isa = XCBuildConfiguration;
			baseConfigurationReference = 65DB019084F3F9DDA65DA2C1 /* Pods-flixsterTests.release.xcconfig */;
			buildSettings = {
				ALWAYS_EMBED_SWIFT_STANDARD_LIBRARIES = YES;
				BUNDLE_LOADER = "$(TEST_HOST)";
				CODE_SIGN_STYLE = Automatic;
				INFOPLIST_FILE = flixsterTests/Info.plist;
				IPHONEOS_DEPLOYMENT_TARGET = 14.5;
				LD_RUNPATH_SEARCH_PATHS = (
					"$(inherited)",
					"@executable_path/Frameworks",
					"@loader_path/Frameworks",
				);
				PRODUCT_BUNDLE_IDENTIFIER = com.codepath.flixsterTests;
				PRODUCT_NAME = "$(TARGET_NAME)";
				SWIFT_VERSION = 5.0;
				TARGETED_DEVICE_FAMILY = "1,2";
				TEST_HOST = "$(BUILT_PRODUCTS_DIR)/flixster.app/flixster";
			};
			name = Release;
		};
		9D4A2FAA26914C2C0046EE55 /* Debug */ = {
			isa = XCBuildConfiguration;
			baseConfigurationReference = 305B93BB3FA90CFAFF0BC4D0 /* Pods-flixster-flixsterUITests.debug.xcconfig */;
			buildSettings = {
				ALWAYS_EMBED_SWIFT_STANDARD_LIBRARIES = YES;
				CODE_SIGN_STYLE = Automatic;
				INFOPLIST_FILE = flixsterUITests/Info.plist;
				LD_RUNPATH_SEARCH_PATHS = (
					"$(inherited)",
					"@executable_path/Frameworks",
					"@loader_path/Frameworks",
				);
				PRODUCT_BUNDLE_IDENTIFIER = com.codepath.flixsterUITests;
				PRODUCT_NAME = "$(TARGET_NAME)";
				SWIFT_VERSION = 5.0;
				TARGETED_DEVICE_FAMILY = "1,2";
				TEST_TARGET_NAME = flixster;
			};
			name = Debug;
		};
		9D4A2FAB26914C2C0046EE55 /* Release */ = {
			isa = XCBuildConfiguration;
			baseConfigurationReference = 431057EE4D2EC4C44538F025 /* Pods-flixster-flixsterUITests.release.xcconfig */;
			buildSettings = {
				ALWAYS_EMBED_SWIFT_STANDARD_LIBRARIES = YES;
				CODE_SIGN_STYLE = Automatic;
				INFOPLIST_FILE = flixsterUITests/Info.plist;
				LD_RUNPATH_SEARCH_PATHS = (
					"$(inherited)",
					"@executable_path/Frameworks",
					"@loader_path/Frameworks",
				);
				PRODUCT_BUNDLE_IDENTIFIER = com.codepath.flixsterUITests;
				PRODUCT_NAME = "$(TARGET_NAME)";
				SWIFT_VERSION = 5.0;
				TARGETED_DEVICE_FAMILY = "1,2";
				TEST_TARGET_NAME = flixster;
			};
			name = Release;
		};
/* End XCBuildConfiguration section */

/* Begin XCConfigurationList section */
		9D4A2F7426914C2B0046EE55 /* Build configuration list for PBXProject "flixster" */ = {
			isa = XCConfigurationList;
			buildConfigurations = (
				9D4A2FA126914C2C0046EE55 /* Debug */,
				9D4A2FA226914C2C0046EE55 /* Release */,
			);
			defaultConfigurationIsVisible = 0;
			defaultConfigurationName = Release;
		};
		9D4A2FA326914C2C0046EE55 /* Build configuration list for PBXNativeTarget "flixster" */ = {
			isa = XCConfigurationList;
			buildConfigurations = (
				9D4A2FA426914C2C0046EE55 /* Debug */,
				9D4A2FA526914C2C0046EE55 /* Release */,
			);
			defaultConfigurationIsVisible = 0;
			defaultConfigurationName = Release;
		};
		9D4A2FA626914C2C0046EE55 /* Build configuration list for PBXNativeTarget "flixsterTests" */ = {
			isa = XCConfigurationList;
			buildConfigurations = (
				9D4A2FA726914C2C0046EE55 /* Debug */,
				9D4A2FA826914C2C0046EE55 /* Release */,
			);
			defaultConfigurationIsVisible = 0;
			defaultConfigurationName = Release;
		};
		9D4A2FA926914C2C0046EE55 /* Build configuration list for PBXNativeTarget "flixsterUITests" */ = {
			isa = XCConfigurationList;
			buildConfigurations = (
				9D4A2FAA26914C2C0046EE55 /* Debug */,
				9D4A2FAB26914C2C0046EE55 /* Release */,
			);
			defaultConfigurationIsVisible = 0;
			defaultConfigurationName = Release;
		};
/* End XCConfigurationList section */

/* Begin XCRemoteSwiftPackageReference section */
		9DA6A3212696C04D007F554C /* XCRemoteSwiftPackageReference "AlamofireImage" */ = {
			isa = XCRemoteSwiftPackageReference;
			repositoryURL = "https://github.com/Alamofire/AlamofireImage";
			requirement = {
				kind = upToNextMajorVersion;
				minimumVersion = 4.2.0;
			};
		};
/* End XCRemoteSwiftPackageReference section */

/* Begin XCSwiftPackageProductDependency section */
		9DA6A3222696C04D007F554C /* AlamofireImage */ = {
			isa = XCSwiftPackageProductDependency;
			package = 9DA6A3212696C04D007F554C /* XCRemoteSwiftPackageReference "AlamofireImage" */;
			productName = AlamofireImage;
		};
/* End XCSwiftPackageProductDependency section */
	};
	rootObject = 9D4A2F7126914C2B0046EE55 /* Project object */;
}
